# THIS IS AN AUTOGENERATED FILE. DO NOT EDIT THIS FILE DIRECTLY.
# yarn lockfile v1


"@popperjs/core@^2.11.6":
  version "2.11.6"
  resolved "https://registry.yarnpkg.com/@popperjs/core/-/core-2.11.6.tgz#cee20bd55e68a1720bdab363ecf0c821ded4cd45"
  integrity sha512-50/17A98tWUfQ176raKiOGXuYpLyyVMkxxG6oylzL3BPOlA6ADGdK7EYunSa4I064xerltq9TGXs8HmOk5E+vw==

"@rails/actioncable@^6.0.0":
  version "6.1.6"
  resolved "https://registry.yarnpkg.com/@rails/actioncable/-/actioncable-6.1.6.tgz#ed0e926112fd476c3ac3c52bd18d39d84624cd62"
  integrity sha512-gD8zYT8u8AA4wulIW7BN4x6tPSR1Ldt7jXDs3ntBKdgtvqiohBJFEKn8YJSDr7vrCpM/hYuEJxYl/4oJvvENfA==

"@rails/activestorage@^6.0.0":
  version "6.1.6"
  resolved "https://registry.yarnpkg.com/@rails/activestorage/-/activestorage-6.1.6.tgz#d4ffd5327af8e85dee9f9a4867a7cd64d644e26f"
  integrity sha512-0ajoVtZK5fNbHqAzKWZR+ocDwnd+D36gG9om3CphSL2QevB7e1YIVZo5UFPbB+3KD0kj8KuW6VaaOOT98Qm5bA==
  dependencies:
    spark-md5 "^3.0.0"

"@rails/ujs@^6.0.0":
  version "6.1.6"
  resolved "https://registry.yarnpkg.com/@rails/ujs/-/ujs-6.1.6.tgz#de486ae0a663e1bed637a012cbb2739bfcfa2031"
  integrity sha512-2M4zlthYmOC6X/tcPcFd//sIL26a7JbCpGNl8uIrQf+pR1Z47uhYt9cOwVqJTJZPurdy2k+YY3Pn64pqruAPEA==

bootstrap@^5.2.0:
  version "5.2.0"
  resolved "https://registry.yarnpkg.com/bootstrap/-/bootstrap-5.2.0.tgz#838727fb60f1630db370fe57c63cbcf2962bb3d3"
  integrity sha512-qlnS9GL6YZE6Wnef46GxGv1UpGGzAwO0aPL1yOjzDIJpeApeMvqV24iL+pjr2kU4dduoBA9fINKWKgMToobx9A==

spark-md5@^3.0.0:
  version "3.0.2"
  resolved "https://registry.yarnpkg.com/spark-md5/-/spark-md5-3.0.2.tgz#7952c4a30784347abcee73268e473b9c0167e3fc"
  integrity sha512-wcFzz9cDfbuqe0FZzfi2or1sgyIrsDwmPwfZC4hiNidPdPINjeUwNfv5kldczoEAcjl9Y1L3SM7Uz2PUEQzxQw==

turbolinks@^5.2.0:
  version "5.2.0"
  resolved "https://registry.yarnpkg.com/turbolinks/-/turbolinks-5.2.0.tgz#e6877a55ea5c1cb3bb225f0a4ae303d6d32ff77c"
  integrity sha512-pMiez3tyBo6uRHFNNZoYMmrES/IaGgMhQQM+VFF36keryjb5ms0XkVpmKHkfW/4Vy96qiGW3K9bz0tF5sK9bBw==
